// !$*UTF8*$!
{
	archiveVersion = 1;
	classes = {
	};
	objectVersion = 46;
	objects = {

/* Begin PBXBuildFile section */
		D451C91D1A7C16F3009CFE58 /* SagradaFamilia.jpeg in Resources */ = {isa = PBXBuildFile; fileRef = D451C91C1A7C16F3009CFE58 /* SagradaFamilia.jpeg */; };
		D451C91F1A7C19FC009CFE58 /* AlbertEinsteinStamp.jpg in Resources */ = {isa = PBXBuildFile; fileRef = D451C91E1A7C19FC009CFE58 /* AlbertEinsteinStamp.jpg */; };
		D47592901A707FE800860E33 /* AppDelegate.swift in Sources */ = {isa = PBXBuildFile; fileRef = D475928F1A707FE800860E33 /* AppDelegate.swift */; };
		D47592921A707FE800860E33 /* ViewController.swift in Sources */ = {isa = PBXBuildFile; fileRef = D47592911A707FE800860E33 /* ViewController.swift */; };
		D47592951A707FE800860E33 /* Main.storyboard in Resources */ = {isa = PBXBuildFile; fileRef = D47592931A707FE800860E33 /* Main.storyboard */; };
		D47592971A707FE800860E33 /* Images.xcassets in Resources */ = {isa = PBXBuildFile; fileRef = D47592961A707FE800860E33 /* Images.xcassets */; };
		D475929A1A707FE800860E33 /* LaunchScreen.xib in Resources */ = {isa = PBXBuildFile; fileRef = D47592981A707FE800860E33 /* LaunchScreen.xib */; };
		D47592A61A707FE800860E33 /* PostcardTests.swift in Sources */ = {isa = PBXBuildFile; fileRef = D47592A51A707FE800860E33 /* PostcardTests.swift */; };
/* End PBXBuildFile section */

/* Begin PBXContainerItemProxy section */
		D47592A01A707FE800860E33 /* PBXContainerItemProxy */ = {
			isa = PBXContainerItemProxy;
			containerPortal = D47592821A707FE800860E33 /* Project object */;
			proxyType = 1;
			remoteGlobalIDString = D47592891A707FE800860E33;
			remoteInfo = Postcard;
		};
/* End PBXContainerItemProxy section */

/* Begin PBXFileReference section */
		D451C91C1A7C16F3009CFE58 /* SagradaFamilia.jpeg */ = {isa = PBXFileReference; lastKnownFileType = image.jpeg; path = SagradaFamilia.jpeg; sourceTree = "<group>"; };
		D451C91E1A7C19FC009CFE58 /* AlbertEinsteinStamp.jpg */ = {isa = PBXFileReference; lastKnownFileType = image.jpeg; path = AlbertEinsteinStamp.jpg; sourceTree = "<group>"; };
		D475928A1A707FE800860E33 /* Postcard.app */ = {isa = PBXFileReference; explicitFileType = wrapper.application; includeInIndex = 0; path = Postcard.app; sourceTree = BUILT_PRODUCTS_DIR; };
		D475928E1A707FE800860E33 /* Info.plist */ = {isa = PBXFileReference; lastKnownFileType = text.plist.xml; path = Info.plist; sourceTree = "<group>"; };
		D475928F1A707FE800860E33 /* AppDelegate.swift */ = {isa = PBXFileReference; lastKnownFileType = sourcecode.swift; path = AppDelegate.swift; sourceTree = "<group>"; };
		D47592911A707FE800860E33 /* ViewController.swift */ = {isa = PBXFileReference; lastKnownFileType = sourcecode.swift; path = ViewController.swift; sourceTree = "<group>"; };
		D47592941A707FE800860E33 /* Base */ = {isa = PBXFileReference; lastKnownFileType = file.storyboard; name = Base; path = Base.lproj/Main.storyboard; sourceTree = "<group>"; };
		D47592961A707FE800860E33 /* Images.xcassets */ = {isa = PBXFileReference; lastKnownFileType = folder.assetcatalog; path = Images.xcassets; sourceTree = "<group>"; };
		D47592991A707FE800860E33 /* Base */ = {isa = PBXFileReference; lastKnownFileType = file.xib; name = Base; path = Base.lproj/LaunchScreen.xib; sourceTree = "<group>"; };
		D475929F1A707FE800860E33 /* PostcardTests.xctest */ = {isa = PBXFileReference; explicitFileType = wrapper.cfbundle; includeInIndex = 0; path = PostcardTests.xctest; sourceTree = BUILT_PRODUCTS_DIR; };
		D47592A41A707FE800860E33 /* Info.plist */ = {isa = PBXFileReference; lastKnownFileType = text.plist.xml; path = Info.plist; sourceTree = "<group>"; };
		D47592A51A707FE800860E33 /* PostcardTests.swift */ = {isa = PBXFileReference; lastKnownFileType = sourcecode.swift; path = PostcardTests.swift; sourceTree = "<group>"; };
/* End PBXFileReference section */

/* Begin PBXFrameworksBuildPhase section */
		D47592871A707FE800860E33 /* Frameworks */ = {
			isa = PBXFrameworksBuildPhase;
			buildActionMask = 2147483647;
			files = (
			);
			runOnlyForDeploymentPostprocessing = 0;
		};
		D475929C1A707FE800860E33 /* Frameworks */ = {
			isa = PBXFrameworksBuildPhase;
			buildActionMask = 2147483647;
			files = (
			);
			runOnlyForDeploymentPostprocessing = 0;
		};
/* End PBXFrameworksBuildPhase section */

/* Begin PBXGroup section */
		D47592811A707FE800860E33 = {
			isa = PBXGroup;
			children = (
				D475928C1A707FE800860E33 /* Postcard */,
				D47592A21A707FE800860E33 /* PostcardTests */,
				D475928B1A707FE800860E33 /* Products */,
			);
			sourceTree = "<group>";
		};
		D475928B1A707FE800860E33 /* Products */ = {
			isa = PBXGroup;
			children = (
				D475928A1A707FE800860E33 /* Postcard.app */,
				D475929F1A707FE800860E33 /* PostcardTests.xctest */,
			);
			name = Products;
			sourceTree = "<group>";
		};
		D475928C1A707FE800860E33 /* Postcard */ = {
			isa = PBXGroup;
			children = (
				D475928F1A707FE800860E33 /* AppDelegate.swift */,
				D47592911A707FE800860E33 /* ViewController.swift */,
				D47592931A707FE800860E33 /* Main.storyboard */,
				D47592961A707FE800860E33 /* Images.xcassets */,
				D47592981A707FE800860E33 /* LaunchScreen.xib */,
				D475928D1A707FE800860E33 /* Supporting Files */,
			);
			path = Postcard;
			sourceTree = "<group>";
		};
		D475928D1A707FE800860E33 /* Supporting Files */ = {
			isa = PBXGroup;
			children = (
				D451C91E1A7C19FC009CFE58 /* AlbertEinsteinStamp.jpg */,
				D451C91C1A7C16F3009CFE58 /* SagradaFamilia.jpeg */,
				D475928E1A707FE800860E33 /* Info.plist */,
			);
			name = "Supporting Files";
			sourceTree = "<group>";
		};
		D47592A21A707FE800860E33 /* PostcardTests */ = {
			isa = PBXGroup;
			children = (
				D47592A51A707FE800860E33 /* PostcardTests.swift */,
				D47592A31A707FE800860E33 /* Supporting Files */,
			);
			path = PostcardTests;
			sourceTree = "<group>";
		};
		D47592A31A707FE800860E33 /* Supporting Files */ = {
			isa = PBXGroup;
			children = (
				D47592A41A707FE800860E33 /* Info.plist */,
			);
			name = "Supporting Files";
			sourceTree = "<group>";
		};
/* End PBXGroup section */

/* Begin PBXNativeTarget section */
		D47592891A707FE800860E33 /* Postcard */ = {
			isa = PBXNativeTarget;
			buildConfigurationList = D47592A91A707FE800860E33 /* Build configuration list for PBXNativeTarget "Postcard" */;
			buildPhases = (
				D47592861A707FE800860E33 /* Sources */,
				D47592871A707FE800860E33 /* Frameworks */,
				D47592881A707FE800860E33 /* Resources */,
			);
			buildRules = (
			);
			dependencies = (
			);
			name = Postcard;
			productName = Postcard;
			productReference = D475928A1A707FE800860E33 /* Postcard.app */;
			productType = "com.apple.product-type.application";
		};
		D475929E1A707FE800860E33 /* PostcardTests */ = {
			isa = PBXNativeTarget;
			buildConfigurationList = D47592AC1A707FE800860E33 /* Build configuration list for PBXNativeTarget "PostcardTests" */;
			buildPhases = (
				D475929B1A707FE800860E33 /* Sources */,
				D475929C1A707FE800860E33 /* Frameworks */,
				D475929D1A707FE800860E33 /* Resources */,
			);
			buildRules = (
			);
			dependencies = (
				D47592A11A707FE800860E33 /* PBXTargetDependency */,
			);
			name = PostcardTests;
			productName = PostcardTests;
			productReference = D475929F1A707FE800860E33 /* PostcardTests.xctest */;
			productType = "com.apple.product-type.bundle.unit-test";
		};
/* End PBXNativeTarget section */

/* Begin PBXProject section */
		D47592821A707FE800860E33 /* Project object */ = {
			isa = PBXProject;
			attributes = {
				LastUpgradeCheck = 0610;
				ORGANIZATIONNAME = RKI.com;
				TargetAttributes = {
					D47592891A707FE800860E33 = {
						CreatedOnToolsVersion = 6.1.1;
					};
					D475929E1A707FE800860E33 = {
						CreatedOnToolsVersion = 6.1.1;
						TestTargetID = D47592891A707FE800860E33;
					};
				};
			};
			buildConfigurationList = D47592851A707FE800860E33 /* Build configuration list for PBXProject "Postcard" */;
			compatibilityVersion = "Xcode 3.2";
			developmentRegion = English;
			hasScannedForEncodings = 0;
			knownRegions = (
				en,
				Base,
			);
			mainGroup = D47592811A707FE800860E33;
			productRefGroup = D475928B1A707FE800860E33 /* Products */;
			projectDirPath = "";
			projectRoot = "";
			targets = (
				D47592891A707FE800860E33 /* Postcard */,
				D475929E1A707FE800860E33 /* PostcardTests */,
			);
		};
/* End PBXProject section */

/* Begin PBXResourcesBuildPhase section */
		D47592881A707FE800860E33 /* Resources */ = {
			isa = PBXResourcesBuildPhase;
			buildActionMask = 2147483647;
			files = (
				D47592951A707FE800860E33 /* Main.storyboard in Resources */,
				D451C91D1A7C16F3009CFE58 /* SagradaFamilia.jpeg in Resources */,
				D451C91F1A7C19FC009CFE58 /* AlbertEinsteinStamp.jpg in Resources */,
				D475929A1A707FE800860E33 /* LaunchScreen.xib in Resources */,
				D47592971A707FE800860E33 /* Images.xcassets in Resources */,
			);
			runOnlyForDeploymentPostprocessing = 0;
		};
		D475929D1A707FE800860E33 /* Resources */ = {
			isa = PBXResourcesBuildPhase;
			buildActionMask = 2147483647;
			files = (
			);
			runOnlyForDeploymentPostprocessing = 0;
		};
/* End PBXResourcesBuildPhase section */

/* Begin PBXSourcesBuildPhase section */
		D47592861A707FE800860E33 /* Sources */ = {
			isa = PBXSourcesBuildPhase;
			buildActionMask = 2147483647;
			files = (
				D47592921A707FE800860E33 /* ViewController.swift in Sources */,
				D47592901A707FE800860E33 /* AppDelegate.swift in Sources */,
			);
			runOnlyForDeploymentPostprocessing = 0;
		};
		D475929B1A707FE800860E33 /* Sources */ = {
			isa = PBXSourcesBuildPhase;
			buildActionMask = 2147483647;
			files = (
				D47592A61A707FE800860E33 /* PostcardTests.swift in Sources */,
			);
			runOnlyForDeploymentPostprocessing = 0;
		};
/* End PBXSourcesBuildPhase section */

/* Begin PBXTargetDependency section */
		D47592A11A707FE800860E33 /* PBXTargetDependency */ = {
			isa = PBXTargetDependency;
			target = D47592891A707FE800860E33 /* Postcard */;
			targetProxy = D47592A01A707FE800860E33 /* PBXContainerItemProxy */;
		};
/* End PBXTargetDependency section */

/* Begin PBXVariantGroup section */
		D47592931A707FE800860E33 /* Main.storyboard */ = {
			isa = PBXVariantGroup;
			children = (
				D47592941A707FE800860E33 /* Base */,
			);
			name = Main.storyboard;
			sourceTree = "<group>";
		};
		D47592981A707FE800860E33 /* LaunchScreen.xib */ = {
			isa = PBXVariantGroup;
			children = (
				D47592991A707FE800860E33 /* Base */,
			);
			name = LaunchScreen.xib;
			sourceTree = "<group>";
		};
/* End PBXVariantGroup section */

/* Begin XCBuildConfiguration section */
		D47592A71A707FE800860E33 /* Debug */ = {
			isa = XCBuildConfiguration;
			buildSettings = {
				ALWAYS_SEARCH_USER_PATHS = NO;
				CLANG_CXX_LANGUAGE_STANDARD = "gnu++0x";
				CLANG_CXX_LIBRARY = "libc++";
				CLANG_ENABLE_MODULES = YES;
				CLANG_ENABLE_OBJC_ARC = YES;
				CLANG_WARN_BOOL_CONVERSION = YES;
				CLANG_WARN_CONSTANT_CONVERSION = YES;
				CLANG_WARN_DIRECT_OBJC_ISA_USAGE = YES_ERROR;
				CLANG_WARN_EMPTY_BODY = YES;
				CLANG_WARN_ENUM_CONVERSION = YES;
				CLANG_WARN_INT_CONVERSION = YES;
				CLANG_WARN_OBJC_ROOT_CLASS = YES_ERROR;
				CLANG_WARN_UNREACHABLE_CODE = YES;
				CLANG_WARN__DUPLICATE_METHOD_MATCH = YES;
				"CODE_SIGN_IDENTITY[sdk=iphoneos*]" = "iPhone Developer";
				COPY_PHASE_STRIP = NO;
				ENABLE_STRICT_OBJC_MSGSEND = YES;
				GCC_C_LANGUAGE_STANDARD = gnu99;
				GCC_DYNAMIC_NO_PIC = NO;
				GCC_OPTIMIZATION_LEVEL = 0;
				GCC_PREPROCESSOR_DEFINITIONS = (
					"DEBUG=1",
					"$(inherited)",
				);
				GCC_SYMBOLS_PRIVATE_EXTERN = NO;
				GCC_WARN_64_TO_32_BIT_CONVERSION = YES;
				GCC_WARN_ABOUT_RETURN_TYPE = YES_ERROR;
				GCC_WARN_UNDECLARED_SELECTOR = YES;
				GCC_WARN_UNINITIALIZED_AUTOS = YES_AGGRESSIVE;
				GCC_WARN_UNUSED_FUNCTION = YES;
				GCC_WARN_UNUSED_VARIABLE = YES;
				IPHONEOS_DEPLOYMENT_TARGET = 8.1;
				MTL_ENABLE_DEBUG_INFO = YES;
				ONLY_ACTIVE_ARCH = YES;
				SDKROOT = iphoneos;
				SWIFT_OPTIMIZATION_LEVEL = "-Onone";
				TARGETED_DEVICE_FAMILY = "1,2";
			};
			name = Debug;
		};
		D47592A81A707FE800860E33 /* Release */ = {
			isa = XCBuildConfiguration;
			buildSettings = {
				ALWAYS_SEARCH_USER_PATHS = NO;
				CLANG_CXX_LANGUAGE_STANDARD = "gnu++0x";
				CLANG_CXX_LIBRARY = "libc++";
				CLANG_ENABLE_MODULES = YES;
				CLANG_ENABLE_OBJC_ARC = YES;
				CLANG_WARN_BOOL_CONVERSION = YES;
				CLANG_WARN_CONSTANT_CONVERSION = YES;
				CLANG_WARN_DIRECT_OBJC_ISA_USAGE = YES_ERROR;
				CLANG_WARN_EMPTY_BODY = YES;
				CLANG_WARN_ENUM_CONVERSION = YES;
				CLANG_WARN_INT_CONVERSION = YES;
				CLANG_WARN_OBJC_ROOT_CLASS = YES_ERROR;
				CLANG_WARN_UNREACHABLE_CODE = YES;
				CLANG_WARN__DUPLICATE_METHOD_MATCH = YES;
				"CODE_SIGN_IDENTITY[sdk=iphoneos*]" = "iPhone Developer";
				COPY_PHASE_STRIP = YES;
				ENABLE_NS_ASSERTIONS = NO;
				ENABLE_STRICT_OBJC_MSGSEND = YES;
				GCC_C_LANGUAGE_STANDARD = gnu99;
				GCC_WARN_64_TO_32_BIT_CONVERSION = YES;
				GCC_WARN_ABOUT_RETURN_TYPE = YES_ERROR;
				GCC_WARN_UNDECLARED_SELECTOR = YES;
				GCC_WARN_UNINITIALIZED_AUTOS = YES_AGGRESSIVE;
				GCC_WARN_UNUSED_FUNCTION = YES;
				GCC_WARN_UNUSED_VARIABLE = YES;
				IPHONEOS_DEPLOYMENT_TARGET = 8.1;
				MTL_ENABLE_DEBUG_INFO = NO;
				SDKROOT = iphoneos;
				TARGETED_DEVICE_FAMILY = "1,2";
				VALIDATE_PRODUCT = YES;
			};
			name = Release;
		};
		D47592AA1A707FE800860E33 /* Debug */ = {
			isa = XCBuildConfiguration;
			buildSettings = {
				ASSETCATALOG_COMPILER_APPICON_NAME = AppIcon;
				INFOPLIST_FILE = Postcard/Info.plist;
				LD_RUNPATH_SEARCH_PATHS = "$(inherited) @executable_path/Frameworks";
				PRODUCT_NAME = "$(TARGET_NAME)";
			};
			name = Debug;
		};
		D47592AB1A707FE800860E33 /* Release */ = {
			isa = XCBuildConfiguration;
			buildSettings = {
				ASSETCATALOG_COMPILER_APPICON_NAME = AppIcon;
				INFOPLIST_FILE = Postcard/Info.plist;
				LD_RUNPATH_SEARCH_PATHS = "$(inherited) @executable_path/Frameworks";
				PRODUCT_NAME = "$(TARGET_NAME)";
			};
			name = Release;
		};
		D47592AD1A707FE800860E33 /* Debug */ = {
			isa = XCBuildConfiguration;
			buildSettings = {
				BUNDLE_LOADER = "$(TEST_HOST)";
				FRAMEWORK_SEARCH_PATHS = (
					"$(SDKROOT)/Developer/Library/Frameworks",
					"$(inherited)",
				);
				GCC_PREPROCESSOR_DEFINITIONS = (
					"DEBUG=1",
					"$(inherited)",
				);
				INFOPLIST_FILE = PostcardTests/Info.plist;
				LD_RUNPATH_SEARCH_PATHS = "$(inherited) @executable_path/Frameworks @loader_path/Frameworks";
				PRODUCT_NAME = "$(TARGET_NAME)";
				TEST_HOST = "$(BUILT_PRODUCTS_DIR)/Postcard.app/Postcard";
			};
			name = Debug;
		};
		D47592AE1A707FE800860E33 /* Release */ = {
			isa = XCBuildConfiguration;
			buildSettings = {
				BUNDLE_LOADER = "$(TEST_HOST)";
				FRAMEWORK_SEARCH_PATHS = (
					"$(SDKROOT)/Developer/Library/Frameworks",
					"$(inherited)",
				);
				INFOPLIST_FILE = PostcardTests/Info.plist;
				LD_RUNPATH_SEARCH_PATHS = "$(inherited) @executable_path/Frameworks @loader_path/Frameworks";
				PRODUCT_NAME = "$(TARGET_NAME)";
				TEST_HOST = "$(BUILT_PRODUCTS_DIR)/Postcard.app/Postcard";
			};
			name = Release;
		};
/* End XCBuildConfiguration section */

/* Begin XCConfigurationList section */
		D47592851A707FE800860E33 /* Build configuration list for PBXProject "Postcard" */ = {
			isa = XCConfigurationList;
			buildConfigurations = (
				D47592A71A707FE800860E33 /* Debug */,
				D47592A81A707FE800860E33 /* Release */,
			);
			defaultConfigurationIsVisible = 0;
			defaultConfigurationName = Release;
		};
		D47592A91A707FE800860E33 /* Build configuration list for PBXNativeTarget "Postcard" */ = {
			isa = XCConfigurationList;
			buildConfigurations = (
				D47592AA1A707FE800860E33 /* Debug */,
				D47592AB1A707FE800860E33 /* Release */,
			);
			defaultConfigurationIsVisible = 0;
			defaultConfigurationName = Release;
		};
		D47592AC1A707FE800860E33 /* Build configuration list for PBXNativeTarget "PostcardTests" */ = {
			isa = XCConfigurationList;
			buildConfigurations = (
				D47592AD1A707FE800860E33 /* Debug */,
				D47592AE1A707FE800860E33 /* Release */,
			);
			defaultConfigurationIsVisible = 0;
			defaultConfigurationName = Release;
		};
/* End XCConfigurationList section */
	};
	rootObject = D47592821A707FE800860E33 /* Project object */;
}
